
Microsoft Visual Studio Solution File, Format Version 12.00
# Visual Studio Version 17
VisualStudioVersion = 17.0.31903.59
MinimumVisualStudioVersion = 10.0.40219.1
Project("{2150E333-8FDC-42A3-9474-1A3956D46DE8}") = "src", "src", "{827E0CD3-B72D-47B6-A68D-7590B98EB39B}"
EndProject
Project("{FAE04EC0-301F-11D3-BF4B-00C04F79EFBC}") = "Ali.App.Wpf", "src\Ali.App.Wpf\Ali.App.Wpf.csproj", "{C6EC60EA-81F0-40DB-B465-747FCF753C48}"
EndProject
Project("{FAE04EC0-301F-11D3-BF4B-00C04F79EFBC}") = "Ali.Core", "src\Ali.Core\Ali.Core.csproj", "{F763F568-B0E3-4A83-8FEB-CE658DA3F092}"
EndProject
Project("{FAE04EC0-301F-11D3-BF4B-00C04F79EFBC}") = "Ali.Infrastructure", "src\Ali.Infrastructure\Ali.Infrastructure.csproj", "{BF989DD0-F94A-40CF-BABB-356CB88B5CD7}"
EndProject
Project("{2150E333-8FDC-42A3-9474-1A3956D46DE8}") = "tests", "tests", "{0AB3BF05-4346-4AA6-1389-037BE0695223}"
EndProject
Project("{FAE04EC0-301F-11D3-BF4B-00C04F79EFBC}") = "Ali.Tests", "tests\Ali.Tests\Ali.Tests.csproj", "{AE4E9421-0EC9-493D-AAEB-5C1395072892}"
EndProject
Global
	GlobalSection(SolutionConfigurationPlatforms) = preSolution
		Debug|Any CPU = Debug|Any CPU
		Debug|x64 = Debug|x64
		Debug|x86 = Debug|x86
		Release|Any CPU = Release|Any CPU
		Release|x64 = Release|x64
		Release|x86 = Release|x86
	EndGlobalSection
	GlobalSection(ProjectConfigurationPlatforms) = postSolution
		{C6EC60EA-81F0-40DB-B465-747FCF753C48}.Debug|Any CPU.ActiveCfg = Debug|Any CPU
		{C6EC60EA-81F0-40DB-B465-747FCF753C48}.Debug|Any CPU.Build.0 = Debug|Any CPU
		{C6EC60EA-81F0-40DB-B465-747FCF753C48}.Debug|x64.ActiveCfg = Debug|Any CPU
		{C6EC60EA-81F0-40DB-B465-747FCF753C48}.Debug|x64.Build.0 = Debug|Any CPU
		{C6EC60EA-81F0-40DB-B465-747FCF753C48}.Debug|x86.ActiveCfg = Debug|Any CPU
		{C6EC60EA-81F0-40DB-B465-747FCF753C48}.Debug|x86.Build.0 = Debug|Any CPU
		{C6EC60EA-81F0-40DB-B465-747FCF753C48}.Release|Any CPU.ActiveCfg = Release|Any CPU
		{C6EC60EA-81F0-40DB-B465-747FCF753C48}.Release|Any CPU.Build.0 = Release|Any CPU
		{C6EC60EA-81F0-40DB-B465-747FCF753C48}.Release|x64.ActiveCfg = Release|Any CPU
		{C6EC60EA-81F0-40DB-B465-747FCF753C48}.Release|x64.Build.0 = Release|Any CPU
		{C6EC60EA-81F0-40DB-B465-747FCF753C48}.Release|x86.ActiveCfg = Release|Any CPU
		{C6EC60EA-81F0-40DB-B465-747FCF753C48}.Release|x86.Build.0 = Release|Any CPU
		{F763F568-B0E3-4A83-8FEB-CE658DA3F092}.Debug|Any CPU.ActiveCfg = Debug|Any CPU
		{F763F568-B0E3-4A83-8FEB-CE658DA3F092}.Debug|Any CPU.Build.0 = Debug|Any CPU
		{F763F568-B0E3-4A83-8FEB-CE658DA3F092}.Debug|x64.ActiveCfg = Debug|Any CPU
		{F763F568-B0E3-4A83-8FEB-CE658DA3F092}.Debug|x64.Build.0 = Debug|Any CPU
		{F763F568-B0E3-4A83-8FEB-CE658DA3F092}.Debug|x86.ActiveCfg = Debug|Any CPU
		{F763F568-B0E3-4A83-8FEB-CE658DA3F092}.Debug|x86.Build.0 = Debug|Any CPU
		{F763F568-B0E3-4A83-8FEB-CE658DA3F092}.Release|Any CPU.ActiveCfg = Release|Any CPU
		{F763F568-B0E3-4A83-8FEB-CE658DA3F092}.Release|Any CPU.Build.0 = Release|Any CPU
		{F763F568-B0E3-4A83-8FEB-CE658DA3F092}.Release|x64.ActiveCfg = Release|Any CPU
		{F763F568-B0E3-4A83-8FEB-CE658DA3F092}.Release|x64.Build.0 = Release|Any CPU
		{F763F568-B0E3-4A83-8FEB-CE658DA3F092}.Release|x86.ActiveCfg = Release|Any CPU
		{F763F568-B0E3-4A83-8FEB-CE658DA3F092}.Release|x86.Build.0 = Release|Any CPU
		{BF989DD0-F94A-40CF-BABB-356CB88B5CD7}.Debug|Any CPU.ActiveCfg = Debug|Any CPU
		{BF989DD0-F94A-40CF-BABB-356CB88B5CD7}.Debug|Any CPU.Build.0 = Debug|Any CPU
		{BF989DD0-F94A-40CF-BABB-356CB88B5CD7}.Debug|x64.ActiveCfg = Debug|Any CPU
		{BF989DD0-F94A-40CF-BABB-356CB88B5CD7}.Debug|x64.Build.0 = Debug|Any CPU
		{BF989DD0-F94A-40CF-BABB-356CB88B5CD7}.Debug|x86.ActiveCfg = Debug|Any CPU
		{BF989DD0-F94A-40CF-BABB-356CB88B5CD7}.Debug|x86.Build.0 = Debug|Any CPU
		{BF989DD0-F94A-40CF-BABB-356CB88B5CD7}.Release|Any CPU.ActiveCfg = Release|Any CPU
		{BF989DD0-F94A-40CF-BABB-356CB88B5CD7}.Release|Any CPU.Build.0 = Release|Any CPU
		{BF989DD0-F94A-40CF-BABB-356CB88B5CD7}.Release|x64.ActiveCfg = Release|Any CPU
		{BF989DD0-F94A-40CF-BABB-356CB88B5CD7}.Release|x64.Build.0 = Release|Any CPU
		{BF989DD0-F94A-40CF-BABB-356CB88B5CD7}.Release|x86.ActiveCfg = Release|Any CPU
		{BF989DD0-F94A-40CF-BABB-356CB88B5CD7}.Release|x86.Build.0 = Release|Any CPU
		{AE4E9421-0EC9-493D-AAEB-5C1395072892}.Debug|Any CPU.ActiveCfg = Debug|Any CPU
		{AE4E9421-0EC9-493D-AAEB-5C1395072892}.Debug|Any CPU.Build.0 = Debug|Any CPU
		{AE4E9421-0EC9-493D-AAEB-5C1395072892}.Debug|x64.ActiveCfg = Debug|Any CPU
		{AE4E9421-0EC9-493D-AAEB-5C1395072892}.Debug|x64.Build.0 = Debug|Any CPU
		{AE4E9421-0EC9-493D-AAEB-5C1395072892}.Debug|x86.ActiveCfg = Debug|Any CPU
		{AE4E9421-0EC9-493D-AAEB-5C1395072892}.Debug|x86.Build.0 = Debug|Any CPU
		{AE4E9421-0EC9-493D-AAEB-5C1395072892}.Release|Any CPU.ActiveCfg = Release|Any CPU
		{AE4E9421-0EC9-493D-AAEB-5C1395072892}.Release|Any CPU.Build.0 = Release|Any CPU
		{AE4E9421-0EC9-493D-AAEB-5C1395072892}.Release|x64.ActiveCfg = Release|Any CPU
		{AE4E9421-0EC9-493D-AAEB-5C1395072892}.Release|x64.Build.0 = Release|Any CPU
		{AE4E9421-0EC9-493D-AAEB-5C1395072892}.Release|x86.ActiveCfg = Release|Any CPU
		{AE4E9421-0EC9-493D-AAEB-5C1395072892}.Release|x86.Build.0 = Release|Any CPU
	EndGlobalSection
	GlobalSection(SolutionProperties) = preSolution
		HideSolutionNode = FALSE
	EndGlobalSection
	GlobalSection(NestedProjects) = preSolution
		{C6EC60EA-81F0-40DB-B465-747FCF753C48} = {827E0CD3-B72D-47B6-A68D-7590B98EB39B}
		{F763F568-B0E3-4A83-8FEB-CE658DA3F092} = {827E0CD3-B72D-47B6-A68D-7590B98EB39B}
		{BF989DD0-F94A-40CF-BABB-356CB88B5CD7} = {827E0CD3-B72D-47B6-A68D-7590B98EB39B}
		{AE4E9421-0EC9-493D-AAEB-5C1395072892} = {0AB3BF05-4346-4AA6-1389-037BE0695223}
	EndGlobalSection
EndGlobal
