
Microsoft Visual Studio Solution File, Format Version 12.00
# Visual Studio Version 17
VisualStudioVersion = 17.0.31903.59
MinimumVisualStudioVersion = 10.0.40219.1
Project("{2150E333-8FDC-42A3-9474-1A3956D46DE8}") = "src", "src", "{827E0CD3-B72D-47B6-A68D-7590B98EB39B}"
EndProject
Project("{2150E333-8FDC-42A3-9474-1A3956D46DE8}") = "tools", "tools", "{ACB7B93A-5492-4C7C-B726-4E438734F321}"
EndProject
Project("{FAE04EC0-301F-11D3-BF4B-00C04F79EFBC}") = "Ali", "src\Ali.csproj", "{C6EC60EA-81F0-40DB-B465-747FCF753C48}"
EndProject
Project("{FAE04EC0-301F-11D3-BF4B-00C04F79EFBC}") = "Ali.Modules.Automation", "tools\Ali.Modules\Automation\Ali.Modules.Automation.csproj", "{789CE85F-3E58-404F-BBF3-B17F54BB9838}"
EndProject
Project("{2150E333-8FDC-42A3-9474-1A3956D46DE8}") = "external", "external", "{A288BEE0-695A-BEEA-455C-649571D89326}"
EndProject
Project("{2150E333-8FDC-42A3-9474-1A3956D46DE8}") = "modules", "modules", "{6AC3764A-1A69-BA84-27D5-80F055172598}"
EndProject
Project("{FAE04EC0-301F-11D3-BF4B-00C04F79EFBC}") = "AliSecurityModule", "external\modules\AliSecurityModule\AliSecurityModule.csproj", "{A10B6DDF-BB98-493B-9032-E4957D79D199}"
EndProject
Project("{FAE04EC0-301F-11D3-BF4B-00C04F79EFBC}") = "ModuleContracts", "external\modules\ModuleContracts\ModuleContracts.csproj", "{25DBD2C4-020A-4463-960E-1A0822A2EB1F}"
EndProject
Project("{FAE04EC0-301F-11D3-BF4B-00C04F79EFBC}") = "MicrophoneModule", "external\modules\MicrophoneModule\MicrophoneModule.csproj", "{F39A107F-1036-49A9-A026-8DCE1A1E0CB9}"
EndProject
Project("{FAE04EC0-301F-11D3-BF4B-00C04F79EFBC}") = "VoiceActivityModule", "external\modules\VoiceActivityModule\VoiceActivityModule.csproj", "{34135129-65CE-4D2F-8242-077526F28EFD}"
EndProject
Project("{FAE04EC0-301F-11D3-BF4B-00C04F79EFBC}") = "SpeakerRecognitionModule", "external\modules\SpeakerRecognitionModule\SpeakerRecognitionModule.csproj", "{65363166-6B27-4CB3-B00F-B8537FC48866}"
EndProject
Project("{FAE04EC0-301F-11D3-BF4B-00C04F79EFBC}") = "WakeWordModule", "external\modules\WakeWordModule\WakeWordModule.csproj", "{99550489-688C-4F7D-958F-18E39624184A}"
EndProject
Project("{FAE04EC0-301F-11D3-BF4B-00C04F79EFBC}") = "TargetSelectionModule", "external\modules\TargetSelectionModule\TargetSelectionModule.csproj", "{3E1438DB-1635-45B2-A2D8-3EAF2A571395}"
EndProject
Project("{FAE04EC0-301F-11D3-BF4B-00C04F79EFBC}") = "CameraModule", "external\modules\CameraModule\CameraModule.csproj", "{E8A48FC4-309E-49E8-BD1C-DCB6DABD8771}"
EndProject
Project("{FAE04EC0-301F-11D3-BF4B-00C04F79EFBC}") = "IdentityModule", "external\modules\IdentityModule\IdentityModule.csproj", "{D198A416-6306-4675-86E8-22CAFB2D3F0A}"
EndProject
Project("{FAE04EC0-301F-11D3-BF4B-00C04F79EFBC}") = "MediaPipeModule", "external\modules\MediaPipeModule\MediaPipeModule.csproj", "{40FD9FD4-6C69-4231-A287-4DF3E97D37F7}"
EndProject
Project("{FAE04EC0-301F-11D3-BF4B-00C04F79EFBC}") = "AttentionModule", "external\modules\AttentionModule\AttentionModule.csproj", "{77A00CC2-4482-4AFA-BB86-8E644C0DDE8E}"
EndProject
Project("{FAE04EC0-301F-11D3-BF4B-00C04F79EFBC}") = "IdentityEnrollmentGuidanceModule", "external\modules\IdentityEnrollmentGuidanceModule\IdentityEnrollmentGuidanceModule.csproj", "{98590C66-CFB5-43CC-9AC0-05E08E96D070}"
EndProject
Project("{FAE04EC0-301F-11D3-BF4B-00C04F79EFBC}") = "InteractionConfidenceModule", "external\modules\InteractionConfidenceModule\InteractionConfidenceModule.csproj", "{B9548916-F82F-4996-95E6-CF5AAF2EEDA1}"
EndProject
Project("{FAE04EC0-301F-11D3-BF4B-00C04F79EFBC}") = "SpeechToTextModule", "external\modules\SpeechToTextModule\SpeechToTextModule.csproj", "{B1D2B287-6863-4E51-A2E9-3DDAB4993355}"
EndProject
Project("{FAE04EC0-301F-11D3-BF4B-00C04F79EFBC}") = "OverlayModule", "external\modules\OverlayModule\OverlayModule.csproj", "{E57E8085-82B4-4672-B482-3D285E8030C4}"
EndProject
Project("{FAE04EC0-301F-11D3-BF4B-00C04F79EFBC}") = "ViewportModule", "external\modules\ViewportModule\ViewportModule.csproj", "{6C5A35AC-0D13-4DA3-80CA-5069A3D21BE0}"
EndProject
Project("{FAE04EC0-301F-11D3-BF4B-00C04F79EFBC}") = "ParakeetSpeechToTextModule", "external\modules\ParakeetSpeechToTextModule\ParakeetSpeechToTextModule.csproj", "{B123EDC3-DA85-4173-9430-FEDBEF336C86}"
EndProject
Project("{2150E333-8FDC-42A3-9474-1A3956D46DE8}") = "tests", "tests", "{0AB3BF05-4346-4AA6-1389-037BE0695223}"
EndProject
Project("{FAE04EC0-301F-11D3-BF4B-00C04F79EFBC}") = "Ali.Framework.Tests", "tests\Ali.Framework.Tests\Ali.Framework.Tests.csproj", "{F7B30EAF-D9BE-4C01-906C-B6F40BD3BA1D}"
EndProject
Global
	GlobalSection(SolutionConfigurationPlatforms) = preSolution
		Debug|Any CPU = Debug|Any CPU
		Debug|x64 = Debug|x64
		Debug|x86 = Debug|x86
		Release|Any CPU = Release|Any CPU
		Release|x64 = Release|x64
		Release|x86 = Release|x86
	EndGlobalSection
	GlobalSection(ProjectConfigurationPlatforms) = postSolution
		{C6EC60EA-81F0-40DB-B465-747FCF753C48}.Debug|Any CPU.ActiveCfg = Debug|Any CPU
		{C6EC60EA-81F0-40DB-B465-747FCF753C48}.Debug|Any CPU.Build.0 = Debug|Any CPU
		{C6EC60EA-81F0-40DB-B465-747FCF753C48}.Debug|x64.ActiveCfg = Debug|Any CPU
		{C6EC60EA-81F0-40DB-B465-747FCF753C48}.Debug|x64.Build.0 = Debug|Any CPU
		{C6EC60EA-81F0-40DB-B465-747FCF753C48}.Debug|x86.ActiveCfg = Debug|Any CPU
		{C6EC60EA-81F0-40DB-B465-747FCF753C48}.Debug|x86.Build.0 = Debug|Any CPU
		{C6EC60EA-81F0-40DB-B465-747FCF753C48}.Release|Any CPU.ActiveCfg = Release|Any CPU
		{C6EC60EA-81F0-40DB-B465-747FCF753C48}.Release|Any CPU.Build.0 = Release|Any CPU
		{C6EC60EA-81F0-40DB-B465-747FCF753C48}.Release|x64.ActiveCfg = Release|Any CPU
		{C6EC60EA-81F0-40DB-B465-747FCF753C48}.Release|x64.Build.0 = Release|Any CPU
		{C6EC60EA-81F0-40DB-B465-747FCF753C48}.Release|x86.ActiveCfg = Release|Any CPU
		{C6EC60EA-81F0-40DB-B465-747FCF753C48}.Release|x86.Build.0 = Release|Any CPU
		{789CE85F-3E58-404F-BBF3-B17F54BB9838}.Debug|Any CPU.ActiveCfg = Debug|Any CPU
		{789CE85F-3E58-404F-BBF3-B17F54BB9838}.Debug|Any CPU.Build.0 = Debug|Any CPU
		{789CE85F-3E58-404F-BBF3-B17F54BB9838}.Debug|x64.ActiveCfg = Debug|Any CPU
		{789CE85F-3E58-404F-BBF3-B17F54BB9838}.Debug|x64.Build.0 = Debug|Any CPU
		{789CE85F-3E58-404F-BBF3-B17F54BB9838}.Debug|x86.ActiveCfg = Debug|Any CPU
		{789CE85F-3E58-404F-BBF3-B17F54BB9838}.Debug|x86.Build.0 = Debug|Any CPU
		{789CE85F-3E58-404F-BBF3-B17F54BB9838}.Release|Any CPU.ActiveCfg = Release|Any CPU
		{789CE85F-3E58-404F-BBF3-B17F54BB9838}.Release|Any CPU.Build.0 = Release|Any CPU
		{789CE85F-3E58-404F-BBF3-B17F54BB9838}.Release|x64.ActiveCfg = Release|Any CPU
		{789CE85F-3E58-404F-BBF3-B17F54BB9838}.Release|x64.Build.0 = Release|Any CPU
		{789CE85F-3E58-404F-BBF3-B17F54BB9838}.Release|x86.ActiveCfg = Release|Any CPU
		{789CE85F-3E58-404F-BBF3-B17F54BB9838}.Release|x86.Build.0 = Release|Any CPU
		{A10B6DDF-BB98-493B-9032-E4957D79D199}.Debug|Any CPU.ActiveCfg = Debug|Any CPU
		{A10B6DDF-BB98-493B-9032-E4957D79D199}.Debug|Any CPU.Build.0 = Debug|Any CPU
		{A10B6DDF-BB98-493B-9032-E4957D79D199}.Debug|x64.ActiveCfg = Debug|Any CPU
		{A10B6DDF-BB98-493B-9032-E4957D79D199}.Debug|x64.Build.0 = Debug|Any CPU
		{A10B6DDF-BB98-493B-9032-E4957D79D199}.Debug|x86.ActiveCfg = Debug|Any CPU
		{A10B6DDF-BB98-493B-9032-E4957D79D199}.Debug|x86.Build.0 = Debug|Any CPU
		{A10B6DDF-BB98-493B-9032-E4957D79D199}.Release|Any CPU.ActiveCfg = Release|Any CPU
		{A10B6DDF-BB98-493B-9032-E4957D79D199}.Release|Any CPU.Build.0 = Release|Any CPU
		{A10B6DDF-BB98-493B-9032-E4957D79D199}.Release|x64.ActiveCfg = Release|Any CPU
		{A10B6DDF-BB98-493B-9032-E4957D79D199}.Release|x64.Build.0 = Release|Any CPU
		{A10B6DDF-BB98-493B-9032-E4957D79D199}.Release|x86.ActiveCfg = Release|Any CPU
		{A10B6DDF-BB98-493B-9032-E4957D79D199}.Release|x86.Build.0 = Release|Any CPU
		{25DBD2C4-020A-4463-960E-1A0822A2EB1F}.Debug|Any CPU.ActiveCfg = Debug|Any CPU
		{25DBD2C4-020A-4463-960E-1A0822A2EB1F}.Debug|Any CPU.Build.0 = Debug|Any CPU
		{25DBD2C4-020A-4463-960E-1A0822A2EB1F}.Debug|x64.ActiveCfg = Debug|Any CPU
		{25DBD2C4-020A-4463-960E-1A0822A2EB1F}.Debug|x64.Build.0 = Debug|Any CPU
		{25DBD2C4-020A-4463-960E-1A0822A2EB1F}.Debug|x86.ActiveCfg = Debug|Any CPU
		{25DBD2C4-020A-4463-960E-1A0822A2EB1F}.Debug|x86.Build.0 = Debug|Any CPU
		{25DBD2C4-020A-4463-960E-1A0822A2EB1F}.Release|Any CPU.ActiveCfg = Release|Any CPU
		{25DBD2C4-020A-4463-960E-1A0822A2EB1F}.Release|Any CPU.Build.0 = Release|Any CPU
		{25DBD2C4-020A-4463-960E-1A0822A2EB1F}.Release|x64.ActiveCfg = Release|Any CPU
		{25DBD2C4-020A-4463-960E-1A0822A2EB1F}.Release|x64.Build.0 = Release|Any CPU
		{25DBD2C4-020A-4463-960E-1A0822A2EB1F}.Release|x86.ActiveCfg = Release|Any CPU
		{25DBD2C4-020A-4463-960E-1A0822A2EB1F}.Release|x86.Build.0 = Release|Any CPU
		{F39A107F-1036-49A9-A026-8DCE1A1E0CB9}.Debug|Any CPU.ActiveCfg = Debug|Any CPU
		{F39A107F-1036-49A9-A026-8DCE1A1E0CB9}.Debug|Any CPU.Build.0 = Debug|Any CPU
		{F39A107F-1036-49A9-A026-8DCE1A1E0CB9}.Debug|x64.ActiveCfg = Debug|Any CPU
		{F39A107F-1036-49A9-A026-8DCE1A1E0CB9}.Debug|x64.Build.0 = Debug|Any CPU
		{F39A107F-1036-49A9-A026-8DCE1A1E0CB9}.Debug|x86.ActiveCfg = Debug|Any CPU
		{F39A107F-1036-49A9-A026-8DCE1A1E0CB9}.Debug|x86.Build.0 = Debug|Any CPU
		{F39A107F-1036-49A9-A026-8DCE1A1E0CB9}.Release|Any CPU.ActiveCfg = Release|Any CPU
		{F39A107F-1036-49A9-A026-8DCE1A1E0CB9}.Release|Any CPU.Build.0 = Release|Any CPU
		{F39A107F-1036-49A9-A026-8DCE1A1E0CB9}.Release|x64.ActiveCfg = Release|Any CPU
		{F39A107F-1036-49A9-A026-8DCE1A1E0CB9}.Release|x64.Build.0 = Release|Any CPU
		{F39A107F-1036-49A9-A026-8DCE1A1E0CB9}.Release|x86.ActiveCfg = Release|Any CPU
		{F39A107F-1036-49A9-A026-8DCE1A1E0CB9}.Release|x86.Build.0 = Release|Any CPU
		{34135129-65CE-4D2F-8242-077526F28EFD}.Debug|Any CPU.ActiveCfg = Debug|Any CPU
		{34135129-65CE-4D2F-8242-077526F28EFD}.Debug|Any CPU.Build.0 = Debug|Any CPU
		{34135129-65CE-4D2F-8242-077526F28EFD}.Debug|x64.ActiveCfg = Debug|Any CPU
		{34135129-65CE-4D2F-8242-077526F28EFD}.Debug|x64.Build.0 = Debug|Any CPU
		{34135129-65CE-4D2F-8242-077526F28EFD}.Debug|x86.ActiveCfg = Debug|Any CPU
		{34135129-65CE-4D2F-8242-077526F28EFD}.Debug|x86.Build.0 = Debug|Any CPU
		{34135129-65CE-4D2F-8242-077526F28EFD}.Release|Any CPU.ActiveCfg = Release|Any CPU
		{34135129-65CE-4D2F-8242-077526F28EFD}.Release|Any CPU.Build.0 = Release|Any CPU
		{34135129-65CE-4D2F-8242-077526F28EFD}.Release|x64.ActiveCfg = Release|Any CPU
		{34135129-65CE-4D2F-8242-077526F28EFD}.Release|x64.Build.0 = Release|Any CPU
		{34135129-65CE-4D2F-8242-077526F28EFD}.Release|x86.ActiveCfg = Release|Any CPU
		{34135129-65CE-4D2F-8242-077526F28EFD}.Release|x86.Build.0 = Release|Any CPU
		{65363166-6B27-4CB3-B00F-B8537FC48866}.Debug|Any CPU.ActiveCfg = Debug|Any CPU
		{65363166-6B27-4CB3-B00F-B8537FC48866}.Debug|Any CPU.Build.0 = Debug|Any CPU
		{65363166-6B27-4CB3-B00F-B8537FC48866}.Debug|x64.ActiveCfg = Debug|Any CPU
		{65363166-6B27-4CB3-B00F-B8537FC48866}.Debug|x64.Build.0 = Debug|Any CPU
		{65363166-6B27-4CB3-B00F-B8537FC48866}.Debug|x86.ActiveCfg = Debug|Any CPU
		{65363166-6B27-4CB3-B00F-B8537FC48866}.Debug|x86.Build.0 = Debug|Any CPU
		{65363166-6B27-4CB3-B00F-B8537FC48866}.Release|Any CPU.ActiveCfg = Release|Any CPU
		{65363166-6B27-4CB3-B00F-B8537FC48866}.Release|Any CPU.Build.0 = Release|Any CPU
		{65363166-6B27-4CB3-B00F-B8537FC48866}.Release|x64.ActiveCfg = Release|Any CPU
		{65363166-6B27-4CB3-B00F-B8537FC48866}.Release|x64.Build.0 = Release|Any CPU
		{65363166-6B27-4CB3-B00F-B8537FC48866}.Release|x86.ActiveCfg = Release|Any CPU
		{65363166-6B27-4CB3-B00F-B8537FC48866}.Release|x86.Build.0 = Release|Any CPU
		{99550489-688C-4F7D-958F-18E39624184A}.Debug|Any CPU.ActiveCfg = Debug|Any CPU
		{99550489-688C-4F7D-958F-18E39624184A}.Debug|Any CPU.Build.0 = Debug|Any CPU
		{99550489-688C-4F7D-958F-18E39624184A}.Debug|x64.ActiveCfg = Debug|Any CPU
		{99550489-688C-4F7D-958F-18E39624184A}.Debug|x64.Build.0 = Debug|Any CPU
		{99550489-688C-4F7D-958F-18E39624184A}.Debug|x86.ActiveCfg = Debug|Any CPU
		{99550489-688C-4F7D-958F-18E39624184A}.Debug|x86.Build.0 = Debug|Any CPU
		{99550489-688C-4F7D-958F-18E39624184A}.Release|Any CPU.ActiveCfg = Release|Any CPU
		{99550489-688C-4F7D-958F-18E39624184A}.Release|Any CPU.Build.0 = Release|Any CPU
		{99550489-688C-4F7D-958F-18E39624184A}.Release|x64.ActiveCfg = Release|Any CPU
		{99550489-688C-4F7D-958F-18E39624184A}.Release|x64.Build.0 = Release|Any CPU
		{99550489-688C-4F7D-958F-18E39624184A}.Release|x86.ActiveCfg = Release|Any CPU
		{99550489-688C-4F7D-958F-18E39624184A}.Release|x86.Build.0 = Release|Any CPU
		{3E1438DB-1635-45B2-A2D8-3EAF2A571395}.Debug|Any CPU.ActiveCfg = Debug|Any CPU
		{3E1438DB-1635-45B2-A2D8-3EAF2A571395}.Debug|Any CPU.Build.0 = Debug|Any CPU
		{3E1438DB-1635-45B2-A2D8-3EAF2A571395}.Debug|x64.ActiveCfg = Debug|Any CPU
		{3E1438DB-1635-45B2-A2D8-3EAF2A571395}.Debug|x64.Build.0 = Debug|Any CPU
		{3E1438DB-1635-45B2-A2D8-3EAF2A571395}.Debug|x86.ActiveCfg = Debug|Any CPU
		{3E1438DB-1635-45B2-A2D8-3EAF2A571395}.Debug|x86.Build.0 = Debug|Any CPU
		{3E1438DB-1635-45B2-A2D8-3EAF2A571395}.Release|Any CPU.ActiveCfg = Release|Any CPU
		{3E1438DB-1635-45B2-A2D8-3EAF2A571395}.Release|Any CPU.Build.0 = Release|Any CPU
		{3E1438DB-1635-45B2-A2D8-3EAF2A571395}.Release|x64.ActiveCfg = Release|Any CPU
		{3E1438DB-1635-45B2-A2D8-3EAF2A571395}.Release|x64.Build.0 = Release|Any CPU
		{3E1438DB-1635-45B2-A2D8-3EAF2A571395}.Release|x86.ActiveCfg = Release|Any CPU
		{3E1438DB-1635-45B2-A2D8-3EAF2A571395}.Release|x86.Build.0 = Release|Any CPU
		{E8A48FC4-309E-49E8-BD1C-DCB6DABD8771}.Debug|Any CPU.ActiveCfg = Debug|Any CPU
		{E8A48FC4-309E-49E8-BD1C-DCB6DABD8771}.Debug|Any CPU.Build.0 = Debug|Any CPU
		{E8A48FC4-309E-49E8-BD1C-DCB6DABD8771}.Debug|x64.ActiveCfg = Debug|Any CPU
		{E8A48FC4-309E-49E8-BD1C-DCB6DABD8771}.Debug|x64.Build.0 = Debug|Any CPU
		{E8A48FC4-309E-49E8-BD1C-DCB6DABD8771}.Debug|x86.ActiveCfg = Debug|Any CPU
		{E8A48FC4-309E-49E8-BD1C-DCB6DABD8771}.Debug|x86.Build.0 = Debug|Any CPU
		{E8A48FC4-309E-49E8-BD1C-DCB6DABD8771}.Release|Any CPU.ActiveCfg = Release|Any CPU
		{E8A48FC4-309E-49E8-BD1C-DCB6DABD8771}.Release|Any CPU.Build.0 = Release|Any CPU
		{E8A48FC4-309E-49E8-BD1C-DCB6DABD8771}.Release|x64.ActiveCfg = Release|Any CPU
		{E8A48FC4-309E-49E8-BD1C-DCB6DABD8771}.Release|x64.Build.0 = Release|Any CPU
		{E8A48FC4-309E-49E8-BD1C-DCB6DABD8771}.Release|x86.ActiveCfg = Release|Any CPU
		{E8A48FC4-309E-49E8-BD1C-DCB6DABD8771}.Release|x86.Build.0 = Release|Any CPU
		{D198A416-6306-4675-86E8-22CAFB2D3F0A}.Debug|Any CPU.ActiveCfg = Debug|Any CPU
		{D198A416-6306-4675-86E8-22CAFB2D3F0A}.Debug|Any CPU.Build.0 = Debug|Any CPU
		{D198A416-6306-4675-86E8-22CAFB2D3F0A}.Debug|x64.ActiveCfg = Debug|Any CPU
		{D198A416-6306-4675-86E8-22CAFB2D3F0A}.Debug|x64.Build.0 = Debug|Any CPU
		{D198A416-6306-4675-86E8-22CAFB2D3F0A}.Debug|x86.ActiveCfg = Debug|Any CPU
		{D198A416-6306-4675-86E8-22CAFB2D3F0A}.Debug|x86.Build.0 = Debug|Any CPU
		{D198A416-6306-4675-86E8-22CAFB2D3F0A}.Release|Any CPU.ActiveCfg = Release|Any CPU
		{D198A416-6306-4675-86E8-22CAFB2D3F0A}.Release|Any CPU.Build.0 = Release|Any CPU
		{D198A416-6306-4675-86E8-22CAFB2D3F0A}.Release|x64.ActiveCfg = Release|Any CPU
		{D198A416-6306-4675-86E8-22CAFB2D3F0A}.Release|x64.Build.0 = Release|Any CPU
		{D198A416-6306-4675-86E8-22CAFB2D3F0A}.Release|x86.ActiveCfg = Release|Any CPU
		{D198A416-6306-4675-86E8-22CAFB2D3F0A}.Release|x86.Build.0 = Release|Any CPU
		{40FD9FD4-6C69-4231-A287-4DF3E97D37F7}.Debug|Any CPU.ActiveCfg = Debug|Any CPU
		{40FD9FD4-6C69-4231-A287-4DF3E97D37F7}.Debug|Any CPU.Build.0 = Debug|Any CPU
		{40FD9FD4-6C69-4231-A287-4DF3E97D37F7}.Debug|x64.ActiveCfg = Debug|Any CPU
		{40FD9FD4-6C69-4231-A287-4DF3E97D37F7}.Debug|x64.Build.0 = Debug|Any CPU
		{40FD9FD4-6C69-4231-A287-4DF3E97D37F7}.Debug|x86.ActiveCfg = Debug|Any CPU
		{40FD9FD4-6C69-4231-A287-4DF3E97D37F7}.Debug|x86.Build.0 = Debug|Any CPU
		{40FD9FD4-6C69-4231-A287-4DF3E97D37F7}.Release|Any CPU.ActiveCfg = Release|Any CPU
		{40FD9FD4-6C69-4231-A287-4DF3E97D37F7}.Release|Any CPU.Build.0 = Release|Any CPU
		{40FD9FD4-6C69-4231-A287-4DF3E97D37F7}.Release|x64.ActiveCfg = Release|Any CPU
		{40FD9FD4-6C69-4231-A287-4DF3E97D37F7}.Release|x64.Build.0 = Release|Any CPU
		{40FD9FD4-6C69-4231-A287-4DF3E97D37F7}.Release|x86.ActiveCfg = Release|Any CPU
		{40FD9FD4-6C69-4231-A287-4DF3E97D37F7}.Release|x86.Build.0 = Release|Any CPU
		{77A00CC2-4482-4AFA-BB86-8E644C0DDE8E}.Debug|Any CPU.ActiveCfg = Debug|Any CPU
		{77A00CC2-4482-4AFA-BB86-8E644C0DDE8E}.Debug|Any CPU.Build.0 = Debug|Any CPU
		{77A00CC2-4482-4AFA-BB86-8E644C0DDE8E}.Debug|x64.ActiveCfg = Debug|Any CPU
		{77A00CC2-4482-4AFA-BB86-8E644C0DDE8E}.Debug|x64.Build.0 = Debug|Any CPU
		{77A00CC2-4482-4AFA-BB86-8E644C0DDE8E}.Debug|x86.ActiveCfg = Debug|Any CPU
		{77A00CC2-4482-4AFA-BB86-8E644C0DDE8E}.Debug|x86.Build.0 = Debug|Any CPU
		{77A00CC2-4482-4AFA-BB86-8E644C0DDE8E}.Release|Any CPU.ActiveCfg = Release|Any CPU
		{77A00CC2-4482-4AFA-BB86-8E644C0DDE8E}.Release|Any CPU.Build.0 = Release|Any CPU
		{77A00CC2-4482-4AFA-BB86-8E644C0DDE8E}.Release|x64.ActiveCfg = Release|Any CPU
		{77A00CC2-4482-4AFA-BB86-8E644C0DDE8E}.Release|x64.Build.0 = Release|Any CPU
		{77A00CC2-4482-4AFA-BB86-8E644C0DDE8E}.Release|x86.ActiveCfg = Release|Any CPU
		{77A00CC2-4482-4AFA-BB86-8E644C0DDE8E}.Release|x86.Build.0 = Release|Any CPU
		{98590C66-CFB5-43CC-9AC0-05E08E96D070}.Debug|Any CPU.ActiveCfg = Debug|Any CPU
		{98590C66-CFB5-43CC-9AC0-05E08E96D070}.Debug|Any CPU.Build.0 = Debug|Any CPU
		{98590C66-CFB5-43CC-9AC0-05E08E96D070}.Debug|x64.ActiveCfg = Debug|Any CPU
		{98590C66-CFB5-43CC-9AC0-05E08E96D070}.Debug|x64.Build.0 = Debug|Any CPU
		{98590C66-CFB5-43CC-9AC0-05E08E96D070}.Debug|x86.ActiveCfg = Debug|Any CPU
		{98590C66-CFB5-43CC-9AC0-05E08E96D070}.Debug|x86.Build.0 = Debug|Any CPU
		{98590C66-CFB5-43CC-9AC0-05E08E96D070}.Release|Any CPU.ActiveCfg = Release|Any CPU
		{98590C66-CFB5-43CC-9AC0-05E08E96D070}.Release|Any CPU.Build.0 = Release|Any CPU
		{98590C66-CFB5-43CC-9AC0-05E08E96D070}.Release|x64.ActiveCfg = Release|Any CPU
		{98590C66-CFB5-43CC-9AC0-05E08E96D070}.Release|x64.Build.0 = Release|Any CPU
		{98590C66-CFB5-43CC-9AC0-05E08E96D070}.Release|x86.ActiveCfg = Release|Any CPU
		{98590C66-CFB5-43CC-9AC0-05E08E96D070}.Release|x86.Build.0 = Release|Any CPU
		{B9548916-F82F-4996-95E6-CF5AAF2EEDA1}.Debug|Any CPU.ActiveCfg = Debug|Any CPU
		{B9548916-F82F-4996-95E6-CF5AAF2EEDA1}.Debug|Any CPU.Build.0 = Debug|Any CPU
		{B9548916-F82F-4996-95E6-CF5AAF2EEDA1}.Debug|x64.ActiveCfg = Debug|Any CPU
		{B9548916-F82F-4996-95E6-CF5AAF2EEDA1}.Debug|x64.Build.0 = Debug|Any CPU
		{B9548916-F82F-4996-95E6-CF5AAF2EEDA1}.Debug|x86.ActiveCfg = Debug|Any CPU
		{B9548916-F82F-4996-95E6-CF5AAF2EEDA1}.Debug|x86.Build.0 = Debug|Any CPU
		{B9548916-F82F-4996-95E6-CF5AAF2EEDA1}.Release|Any CPU.ActiveCfg = Release|Any CPU
		{B9548916-F82F-4996-95E6-CF5AAF2EEDA1}.Release|Any CPU.Build.0 = Release|Any CPU
		{B9548916-F82F-4996-95E6-CF5AAF2EEDA1}.Release|x64.ActiveCfg = Release|Any CPU
		{B9548916-F82F-4996-95E6-CF5AAF2EEDA1}.Release|x64.Build.0 = Release|Any CPU
		{B9548916-F82F-4996-95E6-CF5AAF2EEDA1}.Release|x86.ActiveCfg = Release|Any CPU
		{B9548916-F82F-4996-95E6-CF5AAF2EEDA1}.Release|x86.Build.0 = Release|Any CPU
		{B1D2B287-6863-4E51-A2E9-3DDAB4993355}.Debug|Any CPU.ActiveCfg = Debug|Any CPU
		{B1D2B287-6863-4E51-A2E9-3DDAB4993355}.Debug|Any CPU.Build.0 = Debug|Any CPU
		{B1D2B287-6863-4E51-A2E9-3DDAB4993355}.Debug|x64.ActiveCfg = Debug|Any CPU
		{B1D2B287-6863-4E51-A2E9-3DDAB4993355}.Debug|x64.Build.0 = Debug|Any CPU
		{B1D2B287-6863-4E51-A2E9-3DDAB4993355}.Debug|x86.ActiveCfg = Debug|Any CPU
		{B1D2B287-6863-4E51-A2E9-3DDAB4993355}.Debug|x86.Build.0 = Debug|Any CPU
		{B1D2B287-6863-4E51-A2E9-3DDAB4993355}.Release|Any CPU.ActiveCfg = Release|Any CPU
		{B1D2B287-6863-4E51-A2E9-3DDAB4993355}.Release|Any CPU.Build.0 = Release|Any CPU
		{B1D2B287-6863-4E51-A2E9-3DDAB4993355}.Release|x64.ActiveCfg = Release|Any CPU
		{B1D2B287-6863-4E51-A2E9-3DDAB4993355}.Release|x64.Build.0 = Release|Any CPU
		{B1D2B287-6863-4E51-A2E9-3DDAB4993355}.Release|x86.ActiveCfg = Release|Any CPU
		{B1D2B287-6863-4E51-A2E9-3DDAB4993355}.Release|x86.Build.0 = Release|Any CPU
		{E57E8085-82B4-4672-B482-3D285E8030C4}.Debug|Any CPU.ActiveCfg = Debug|Any CPU
		{E57E8085-82B4-4672-B482-3D285E8030C4}.Debug|Any CPU.Build.0 = Debug|Any CPU
		{E57E8085-82B4-4672-B482-3D285E8030C4}.Debug|x64.ActiveCfg = Debug|Any CPU
		{E57E8085-82B4-4672-B482-3D285E8030C4}.Debug|x64.Build.0 = Debug|Any CPU
		{E57E8085-82B4-4672-B482-3D285E8030C4}.Debug|x86.ActiveCfg = Debug|Any CPU
		{E57E8085-82B4-4672-B482-3D285E8030C4}.Debug|x86.Build.0 = Debug|Any CPU
		{E57E8085-82B4-4672-B482-3D285E8030C4}.Release|Any CPU.ActiveCfg = Release|Any CPU
		{E57E8085-82B4-4672-B482-3D285E8030C4}.Release|Any CPU.Build.0 = Release|Any CPU
		{E57E8085-82B4-4672-B482-3D285E8030C4}.Release|x64.ActiveCfg = Release|Any CPU
		{E57E8085-82B4-4672-B482-3D285E8030C4}.Release|x64.Build.0 = Release|Any CPU
		{E57E8085-82B4-4672-B482-3D285E8030C4}.Release|x86.ActiveCfg = Release|Any CPU
		{E57E8085-82B4-4672-B482-3D285E8030C4}.Release|x86.Build.0 = Release|Any CPU
		{6C5A35AC-0D13-4DA3-80CA-5069A3D21BE0}.Debug|Any CPU.ActiveCfg = Debug|Any CPU
		{6C5A35AC-0D13-4DA3-80CA-5069A3D21BE0}.Debug|Any CPU.Build.0 = Debug|Any CPU
		{6C5A35AC-0D13-4DA3-80CA-5069A3D21BE0}.Debug|x64.ActiveCfg = Debug|Any CPU
		{6C5A35AC-0D13-4DA3-80CA-5069A3D21BE0}.Debug|x64.Build.0 = Debug|Any CPU
		{6C5A35AC-0D13-4DA3-80CA-5069A3D21BE0}.Debug|x86.ActiveCfg = Debug|Any CPU
		{6C5A35AC-0D13-4DA3-80CA-5069A3D21BE0}.Debug|x86.Build.0 = Debug|Any CPU
		{6C5A35AC-0D13-4DA3-80CA-5069A3D21BE0}.Release|Any CPU.ActiveCfg = Release|Any CPU
		{6C5A35AC-0D13-4DA3-80CA-5069A3D21BE0}.Release|Any CPU.Build.0 = Release|Any CPU
		{6C5A35AC-0D13-4DA3-80CA-5069A3D21BE0}.Release|x64.ActiveCfg = Release|Any CPU
		{6C5A35AC-0D13-4DA3-80CA-5069A3D21BE0}.Release|x64.Build.0 = Release|Any CPU
		{6C5A35AC-0D13-4DA3-80CA-5069A3D21BE0}.Release|x86.ActiveCfg = Release|Any CPU
		{6C5A35AC-0D13-4DA3-80CA-5069A3D21BE0}.Release|x86.Build.0 = Release|Any CPU
		{B123EDC3-DA85-4173-9430-FEDBEF336C86}.Debug|Any CPU.ActiveCfg = Debug|Any CPU
		{B123EDC3-DA85-4173-9430-FEDBEF336C86}.Debug|Any CPU.Build.0 = Debug|Any CPU
		{B123EDC3-DA85-4173-9430-FEDBEF336C86}.Debug|x64.ActiveCfg = Debug|Any CPU
		{B123EDC3-DA85-4173-9430-FEDBEF336C86}.Debug|x64.Build.0 = Debug|Any CPU
		{B123EDC3-DA85-4173-9430-FEDBEF336C86}.Debug|x86.ActiveCfg = Debug|Any CPU
		{B123EDC3-DA85-4173-9430-FEDBEF336C86}.Debug|x86.Build.0 = Debug|Any CPU
		{B123EDC3-DA85-4173-9430-FEDBEF336C86}.Release|Any CPU.ActiveCfg = Release|Any CPU
		{B123EDC3-DA85-4173-9430-FEDBEF336C86}.Release|Any CPU.Build.0 = Release|Any CPU
		{B123EDC3-DA85-4173-9430-FEDBEF336C86}.Release|x64.ActiveCfg = Release|Any CPU
		{B123EDC3-DA85-4173-9430-FEDBEF336C86}.Release|x64.Build.0 = Release|Any CPU
		{B123EDC3-DA85-4173-9430-FEDBEF336C86}.Release|x86.ActiveCfg = Release|Any CPU
		{B123EDC3-DA85-4173-9430-FEDBEF336C86}.Release|x86.Build.0 = Release|Any CPU
		{F7B30EAF-D9BE-4C01-906C-B6F40BD3BA1D}.Debug|Any CPU.ActiveCfg = Debug|Any CPU
		{F7B30EAF-D9BE-4C01-906C-B6F40BD3BA1D}.Debug|Any CPU.Build.0 = Debug|Any CPU
		{F7B30EAF-D9BE-4C01-906C-B6F40BD3BA1D}.Debug|x64.ActiveCfg = Debug|Any CPU
		{F7B30EAF-D9BE-4C01-906C-B6F40BD3BA1D}.Debug|x64.Build.0 = Debug|Any CPU
		{F7B30EAF-D9BE-4C01-906C-B6F40BD3BA1D}.Debug|x86.ActiveCfg = Debug|Any CPU
		{F7B30EAF-D9BE-4C01-906C-B6F40BD3BA1D}.Debug|x86.Build.0 = Debug|Any CPU
		{F7B30EAF-D9BE-4C01-906C-B6F40BD3BA1D}.Release|Any CPU.ActiveCfg = Release|Any CPU
		{F7B30EAF-D9BE-4C01-906C-B6F40BD3BA1D}.Release|Any CPU.Build.0 = Release|Any CPU
		{F7B30EAF-D9BE-4C01-906C-B6F40BD3BA1D}.Release|x64.ActiveCfg = Release|Any CPU
		{F7B30EAF-D9BE-4C01-906C-B6F40BD3BA1D}.Release|x64.Build.0 = Release|Any CPU
		{F7B30EAF-D9BE-4C01-906C-B6F40BD3BA1D}.Release|x86.ActiveCfg = Release|Any CPU
		{F7B30EAF-D9BE-4C01-906C-B6F40BD3BA1D}.Release|x86.Build.0 = Release|Any CPU
	EndGlobalSection
	GlobalSection(SolutionProperties) = preSolution
		HideSolutionNode = FALSE
	EndGlobalSection
	GlobalSection(NestedProjects) = preSolution
		{C6EC60EA-81F0-40DB-B465-747FCF753C48} = {827E0CD3-B72D-47B6-A68D-7590B98EB39B}
		{789CE85F-3E58-404F-BBF3-B17F54BB9838} = {ACB7B93A-5492-4C7C-B726-4E438734F321}
		{6AC3764A-1A69-BA84-27D5-80F055172598} = {A288BEE0-695A-BEEA-455C-649571D89326}
		{A10B6DDF-BB98-493B-9032-E4957D79D199} = {6AC3764A-1A69-BA84-27D5-80F055172598}
		{25DBD2C4-020A-4463-960E-1A0822A2EB1F} = {6AC3764A-1A69-BA84-27D5-80F055172598}
		{F39A107F-1036-49A9-A026-8DCE1A1E0CB9} = {6AC3764A-1A69-BA84-27D5-80F055172598}
		{34135129-65CE-4D2F-8242-077526F28EFD} = {6AC3764A-1A69-BA84-27D5-80F055172598}
		{65363166-6B27-4CB3-B00F-B8537FC48866} = {6AC3764A-1A69-BA84-27D5-80F055172598}
		{99550489-688C-4F7D-958F-18E39624184A} = {6AC3764A-1A69-BA84-27D5-80F055172598}
		{3E1438DB-1635-45B2-A2D8-3EAF2A571395} = {6AC3764A-1A69-BA84-27D5-80F055172598}
		{E8A48FC4-309E-49E8-BD1C-DCB6DABD8771} = {6AC3764A-1A69-BA84-27D5-80F055172598}
		{D198A416-6306-4675-86E8-22CAFB2D3F0A} = {6AC3764A-1A69-BA84-27D5-80F055172598}
		{40FD9FD4-6C69-4231-A287-4DF3E97D37F7} = {6AC3764A-1A69-BA84-27D5-80F055172598}
		{77A00CC2-4482-4AFA-BB86-8E644C0DDE8E} = {6AC3764A-1A69-BA84-27D5-80F055172598}
		{98590C66-CFB5-43CC-9AC0-05E08E96D070} = {6AC3764A-1A69-BA84-27D5-80F055172598}
		{B9548916-F82F-4996-95E6-CF5AAF2EEDA1} = {6AC3764A-1A69-BA84-27D5-80F055172598}
		{B1D2B287-6863-4E51-A2E9-3DDAB4993355} = {6AC3764A-1A69-BA84-27D5-80F055172598}
		{E57E8085-82B4-4672-B482-3D285E8030C4} = {6AC3764A-1A69-BA84-27D5-80F055172598}
		{6C5A35AC-0D13-4DA3-80CA-5069A3D21BE0} = {6AC3764A-1A69-BA84-27D5-80F055172598}
		{B123EDC3-DA85-4173-9430-FEDBEF336C86} = {6AC3764A-1A69-BA84-27D5-80F055172598}
		{F7B30EAF-D9BE-4C01-906C-B6F40BD3BA1D} = {0AB3BF05-4346-4AA6-1389-037BE0695223}
	EndGlobalSection
EndGlobal
